
Microsoft Visual Studio Solution File, Format Version 12.00
# Visual Studio 15
VisualStudioVersion = 15.0.28307.1062
MinimumVisualStudioVersion = 10.0.40219.1
Project("{FAE04EC0-301F-11D3-BF4B-00C04F79EFBC}") = "DataBase2021_Volotov", "DataBase2021_Volotov\DataBase2021_Volotov.csproj", "{2CA4D883-3A94-4EE5-9EC0-D5B32EEFAAE5}"
EndProject
Global
	GlobalSection(SolutionConfigurationPlatforms) = preSolution
		Debug|Any CPU = Debug|Any CPU
		Release|Any CPU = Release|Any CPU
	EndGlobalSection
	GlobalSection(ProjectConfigurationPlatforms) = postSolution
		{2CA4D883-3A94-4EE5-9EC0-D5B32EEFAAE5}.Debug|Any CPU.ActiveCfg = Debug|Any CPU
		{2CA4D883-3A94-4EE5-9EC0-D5B32EEFAAE5}.Debug|Any CPU.Build.0 = Debug|Any CPU
		{2CA4D883-3A94-4EE5-9EC0-D5B32EEFAAE5}.Release|Any CPU.ActiveCfg = Release|Any CPU
		{2CA4D883-3A94-4EE5-9EC0-D5B32EEFAAE5}.Release|Any CPU.Build.0 = Release|Any CPU
	EndGlobalSection
	GlobalSection(SolutionProperties) = preSolution
		HideSolutionNode = FALSE
	EndGlobalSection
	GlobalSection(ExtensibilityGlobals) = postSolution
		SolutionGuid = {B72DAB52-0778-4CBD-9627-FEA6A2BE158F}
	EndGlobalSection
EndGlobal
